
Microsoft Visual Studio Solution File, Format Version 12.00
# Visual Studio Version 17
VisualStudioVersion = 17.0.31612.314
MinimumVisualStudioVersion = 10.0.40219.1
Project("{9A19103F-16F7-4668-BE54-9A1E7A4F7556}") = "Customer.Api", "Customer.Api\Customer.Api.csproj", "{2F1DA03A-E2B6-4290-897E-D1558A8CB2C0}"
EndProject
Project("{9A19103F-16F7-4668-BE54-9A1E7A4F7556}") = "Customer.Models", "Customer.Models\Customer.Models.csproj", "{93AA2C72-8493-4992-B674-0507A9372381}"
EndProject
Project("{9A19103F-16F7-4668-BE54-9A1E7A4F7556}") = "Customer.Services", "Customer.Services\Customer.Services.csproj", "{070542C9-72CE-44F2-BA4D-028B9D1C497C}"
EndProject
Project("{9A19103F-16F7-4668-BE54-9A1E7A4F7556}") = "Customer.ExternalServices", "Customer.ExternalServices\Customer.ExternalServices.csproj", "{B92AA2CD-3831-468F-9FA3-EAAC559D8552}"
EndProject
Project("{9A19103F-16F7-4668-BE54-9A1E7A4F7556}") = "Customer.Infrastructure", "Customer.Infrastructure\Customer.Infrastructure.csproj", "{A1CAFA24-E26F-49BD-8D5D-5BD52245EF08}"
EndProject
Project("{9A19103F-16F7-4668-BE54-9A1E7A4F7556}") = "Customer.Api.UnitTests", "Customer.Api.UnitTests\Customer.Api.UnitTests.csproj", "{36FD1CE0-DA37-44D2-B316-C554EDA5D42C}"
EndProject
Project("{9A19103F-16F7-4668-BE54-9A1E7A4F7556}") = "Customer.Data.Schema", "Customer.Data.Schema\Customer.Data.Schema.csproj", "{86DC8293-F520-472B-96CE-8B7D614B2186}"
EndProject
Project("{9A19103F-16F7-4668-BE54-9A1E7A4F7556}") = "Customer.Data.Access", "Customer.Data.Access\Customer.Data.Access.csproj", "{FC5E2F77-3E1A-476A-B0EC-EB645ACD4B06}"
EndProject
Project("{FAE04EC0-301F-11D3-BF4B-00C04F79EFBC}") = "Customer.Api.Client", "Customer.Api.Client\Customer.Api.Client.csproj", "{D4CDE271-6EE0-469E-A8D0-B99298E5983F}"
EndProject
Global
	GlobalSection(SolutionConfigurationPlatforms) = preSolution
		Debug|Any CPU = Debug|Any CPU
		Release|Any CPU = Release|Any CPU
	EndGlobalSection
	GlobalSection(ProjectConfigurationPlatforms) = postSolution
		{2F1DA03A-E2B6-4290-897E-D1558A8CB2C0}.Debug|Any CPU.ActiveCfg = Debug|Any CPU
		{2F1DA03A-E2B6-4290-897E-D1558A8CB2C0}.Debug|Any CPU.Build.0 = Debug|Any CPU
		{2F1DA03A-E2B6-4290-897E-D1558A8CB2C0}.Release|Any CPU.ActiveCfg = Release|Any CPU
		{2F1DA03A-E2B6-4290-897E-D1558A8CB2C0}.Release|Any CPU.Build.0 = Release|Any CPU
		{93AA2C72-8493-4992-B674-0507A9372381}.Debug|Any CPU.ActiveCfg = Debug|Any CPU
		{93AA2C72-8493-4992-B674-0507A9372381}.Debug|Any CPU.Build.0 = Debug|Any CPU
		{93AA2C72-8493-4992-B674-0507A9372381}.Release|Any CPU.ActiveCfg = Release|Any CPU
		{93AA2C72-8493-4992-B674-0507A9372381}.Release|Any CPU.Build.0 = Release|Any CPU
		{070542C9-72CE-44F2-BA4D-028B9D1C497C}.Debug|Any CPU.ActiveCfg = Debug|Any CPU
		{070542C9-72CE-44F2-BA4D-028B9D1C497C}.Debug|Any CPU.Build.0 = Debug|Any CPU
		{070542C9-72CE-44F2-BA4D-028B9D1C497C}.Release|Any CPU.ActiveCfg = Release|Any CPU
		{070542C9-72CE-44F2-BA4D-028B9D1C497C}.Release|Any CPU.Build.0 = Release|Any CPU
		{B92AA2CD-3831-468F-9FA3-EAAC559D8552}.Debug|Any CPU.ActiveCfg = Debug|Any CPU
		{B92AA2CD-3831-468F-9FA3-EAAC559D8552}.Debug|Any CPU.Build.0 = Debug|Any CPU
		{B92AA2CD-3831-468F-9FA3-EAAC559D8552}.Release|Any CPU.ActiveCfg = Release|Any CPU
		{B92AA2CD-3831-468F-9FA3-EAAC559D8552}.Release|Any CPU.Build.0 = Release|Any CPU
		{A1CAFA24-E26F-49BD-8D5D-5BD52245EF08}.Debug|Any CPU.ActiveCfg = Debug|Any CPU
		{A1CAFA24-E26F-49BD-8D5D-5BD52245EF08}.Debug|Any CPU.Build.0 = Debug|Any CPU
		{A1CAFA24-E26F-49BD-8D5D-5BD52245EF08}.Release|Any CPU.ActiveCfg = Release|Any CPU
		{A1CAFA24-E26F-49BD-8D5D-5BD52245EF08}.Release|Any CPU.Build.0 = Release|Any CPU
		{36FD1CE0-DA37-44D2-B316-C554EDA5D42C}.Debug|Any CPU.ActiveCfg = Debug|Any CPU
		{36FD1CE0-DA37-44D2-B316-C554EDA5D42C}.Debug|Any CPU.Build.0 = Debug|Any CPU
		{36FD1CE0-DA37-44D2-B316-C554EDA5D42C}.Release|Any CPU.ActiveCfg = Release|Any CPU
		{36FD1CE0-DA37-44D2-B316-C554EDA5D42C}.Release|Any CPU.Build.0 = Release|Any CPU
		{86DC8293-F520-472B-96CE-8B7D614B2186}.Debug|Any CPU.ActiveCfg = Debug|Any CPU
		{86DC8293-F520-472B-96CE-8B7D614B2186}.Debug|Any CPU.Build.0 = Debug|Any CPU
		{86DC8293-F520-472B-96CE-8B7D614B2186}.Release|Any CPU.ActiveCfg = Release|Any CPU
		{86DC8293-F520-472B-96CE-8B7D614B2186}.Release|Any CPU.Build.0 = Release|Any CPU
		{FC5E2F77-3E1A-476A-B0EC-EB645ACD4B06}.Debug|Any CPU.ActiveCfg = Debug|Any CPU
		{FC5E2F77-3E1A-476A-B0EC-EB645ACD4B06}.Debug|Any CPU.Build.0 = Debug|Any CPU
		{FC5E2F77-3E1A-476A-B0EC-EB645ACD4B06}.Release|Any CPU.ActiveCfg = Release|Any CPU
		{FC5E2F77-3E1A-476A-B0EC-EB645ACD4B06}.Release|Any CPU.Build.0 = Release|Any CPU
		{D4CDE271-6EE0-469E-A8D0-B99298E5983F}.Debug|Any CPU.ActiveCfg = Debug|Any CPU
		{D4CDE271-6EE0-469E-A8D0-B99298E5983F}.Debug|Any CPU.Build.0 = Debug|Any CPU
		{D4CDE271-6EE0-469E-A8D0-B99298E5983F}.Release|Any CPU.ActiveCfg = Release|Any CPU
		{D4CDE271-6EE0-469E-A8D0-B99298E5983F}.Release|Any CPU.Build.0 = Release|Any CPU
	EndGlobalSection
	GlobalSection(SolutionProperties) = preSolution
		HideSolutionNode = FALSE
	EndGlobalSection
	GlobalSection(ExtensibilityGlobals) = postSolution
		SolutionGuid = {061C23AB-BD81-41E7-9E85-E1016C0D65DA}
	EndGlobalSection
EndGlobal
